// !$*UTF8*$!
{
	archiveVersion = 1;
	classes = {
	};
	objectVersion = 46;
	objects = {

/* Begin PBXBuildFile section */
		56725D521BD0073300EB0CA7 /* AppDelegate.swift in Sources */ = {isa = PBXBuildFile; fileRef = 56725D511BD0073300EB0CA7 /* AppDelegate.swift */; };
		56725D541BD0073300EB0CA7 /* ViewController.swift in Sources */ = {isa = PBXBuildFile; fileRef = 56725D531BD0073300EB0CA7 /* ViewController.swift */; };
		56725D571BD0073300EB0CA7 /* Main.storyboard in Resources */ = {isa = PBXBuildFile; fileRef = 56725D551BD0073300EB0CA7 /* Main.storyboard */; };
		56725D591BD0073300EB0CA7 /* Images.xcassets in Resources */ = {isa = PBXBuildFile; fileRef = 56725D581BD0073300EB0CA7 /* Images.xcassets */; };
		56725D5C1BD0073300EB0CA7 /* LaunchScreen.xib in Resources */ = {isa = PBXBuildFile; fileRef = 56725D5A1BD0073300EB0CA7 /* LaunchScreen.xib */; };
		56725D681BD0073300EB0CA7 /* Test_Demo_App_IOSTests.swift in Sources */ = {isa = PBXBuildFile; fileRef = 56725D671BD0073300EB0CA7 /* Test_Demo_App_IOSTests.swift */; };
		56725D721BD095C800EB0CA7 /* SecondViewController.swift in Sources */ = {isa = PBXBuildFile; fileRef = 56725D711BD095C800EB0CA7 /* SecondViewController.swift */; };
/* End PBXBuildFile section */

/* Begin PBXContainerItemProxy section */
		56725D621BD0073300EB0CA7 /* PBXContainerItemProxy */ = {
			isa = PBXContainerItemProxy;
			containerPortal = 56725D441BD0073300EB0CA7 /* Project object */;
			proxyType = 1;
			remoteGlobalIDString = 56725D4B1BD0073300EB0CA7;
			remoteInfo = "Test Demo App IOS";
		};
/* End PBXContainerItemProxy section */

/* Begin PBXFileReference section */
		56725D4C1BD0073300EB0CA7 /* Test Demo App IOS.app */ = {isa = PBXFileReference; explicitFileType = wrapper.application; includeInIndex = 0; path = "Test Demo App IOS.app"; sourceTree = BUILT_PRODUCTS_DIR; };
		56725D501BD0073300EB0CA7 /* Info.plist */ = {isa = PBXFileReference; lastKnownFileType = text.plist.xml; path = Info.plist; sourceTree = "<group>"; };
		56725D511BD0073300EB0CA7 /* AppDelegate.swift */ = {isa = PBXFileReference; lastKnownFileType = sourcecode.swift; path = AppDelegate.swift; sourceTree = "<group>"; };
		56725D531BD0073300EB0CA7 /* ViewController.swift */ = {isa = PBXFileReference; lastKnownFileType = sourcecode.swift; path = ViewController.swift; sourceTree = "<group>"; };
		56725D561BD0073300EB0CA7 /* Base */ = {isa = PBXFileReference; lastKnownFileType = file.storyboard; name = Base; path = Base.lproj/Main.storyboard; sourceTree = "<group>"; };
		56725D581BD0073300EB0CA7 /* Images.xcassets */ = {isa = PBXFileReference; lastKnownFileType = folder.assetcatalog; path = Images.xcassets; sourceTree = "<group>"; };
		56725D5B1BD0073300EB0CA7 /* Base */ = {isa = PBXFileReference; lastKnownFileType = file.xib; name = Base; path = Base.lproj/LaunchScreen.xib; sourceTree = "<group>"; };
		56725D611BD0073300EB0CA7 /* Test Demo App IOSTests.xctest */ = {isa = PBXFileReference; explicitFileType = wrapper.cfbundle; includeInIndex = 0; path = "Test Demo App IOSTests.xctest"; sourceTree = BUILT_PRODUCTS_DIR; };
		56725D661BD0073300EB0CA7 /* Info.plist */ = {isa = PBXFileReference; lastKnownFileType = text.plist.xml; path = Info.plist; sourceTree = "<group>"; };
		56725D671BD0073300EB0CA7 /* Test_Demo_App_IOSTests.swift */ = {isa = PBXFileReference; lastKnownFileType = sourcecode.swift; path = Test_Demo_App_IOSTests.swift; sourceTree = "<group>"; };
		56725D711BD095C800EB0CA7 /* SecondViewController.swift */ = {isa = PBXFileReference; fileEncoding = 4; lastKnownFileType = sourcecode.swift; name = SecondViewController.swift; path = ../SecondViewController.swift; sourceTree = "<group>"; };
/* End PBXFileReference section */

/* Begin PBXFrameworksBuildPhase section */
		56725D491BD0073300EB0CA7 /* Frameworks */ = {
			isa = PBXFrameworksBuildPhase;
			buildActionMask = 2147483647;
			files = (
			);
			runOnlyForDeploymentPostprocessing = 0;
		};
		56725D5E1BD0073300EB0CA7 /* Frameworks */ = {
			isa = PBXFrameworksBuildPhase;
			buildActionMask = 2147483647;
			files = (
			);
			runOnlyForDeploymentPostprocessing = 0;
		};
/* End PBXFrameworksBuildPhase section */

/* Begin PBXGroup section */
		56725D431BD0073300EB0CA7 = {
			isa = PBXGroup;
			children = (
				56725D4E1BD0073300EB0CA7 /* Test Demo App IOS */,
				56725D641BD0073300EB0CA7 /* Test Demo App IOSTests */,
				56725D4D1BD0073300EB0CA7 /* Products */,
			);
			sourceTree = "<group>";
		};
		56725D4D1BD0073300EB0CA7 /* Products */ = {
			isa = PBXGroup;
			children = (
				56725D4C1BD0073300EB0CA7 /* Test Demo App IOS.app */,
				56725D611BD0073300EB0CA7 /* Test Demo App IOSTests.xctest */,
			);
			name = Products;
			sourceTree = "<group>";
		};
		56725D4E1BD0073300EB0CA7 /* Test Demo App IOS */ = {
			isa = PBXGroup;
			children = (
				56725D511BD0073300EB0CA7 /* AppDelegate.swift */,
				56725D531BD0073300EB0CA7 /* ViewController.swift */,
				56725D711BD095C800EB0CA7 /* SecondViewController.swift */,
				56725D551BD0073300EB0CA7 /* Main.storyboard */,
				56725D581BD0073300EB0CA7 /* Images.xcassets */,
				56725D5A1BD0073300EB0CA7 /* LaunchScreen.xib */,
				56725D4F1BD0073300EB0CA7 /* Supporting Files */,
			);
			path = "Test Demo App IOS";
			sourceTree = "<group>";
		};
		56725D4F1BD0073300EB0CA7 /* Supporting Files */ = {
			isa = PBXGroup;
			children = (
				56725D501BD0073300EB0CA7 /* Info.plist */,
			);
			name = "Supporting Files";
			sourceTree = "<group>";
		};
		56725D641BD0073300EB0CA7 /* Test Demo App IOSTests */ = {
			isa = PBXGroup;
			children = (
				56725D671BD0073300EB0CA7 /* Test_Demo_App_IOSTests.swift */,
				56725D651BD0073300EB0CA7 /* Supporting Files */,
			);
			path = "Test Demo App IOSTests";
			sourceTree = "<group>";
		};
		56725D651BD0073300EB0CA7 /* Supporting Files */ = {
			isa = PBXGroup;
			children = (
				56725D661BD0073300EB0CA7 /* Info.plist */,
			);
			name = "Supporting Files";
			sourceTree = "<group>";
		};
/* End PBXGroup section */

/* Begin PBXNativeTarget section */
		56725D4B1BD0073300EB0CA7 /* Test Demo App IOS */ = {
			isa = PBXNativeTarget;
			buildConfigurationList = 56725D6B1BD0073300EB0CA7 /* Build configuration list for PBXNativeTarget "Test Demo App IOS" */;
			buildPhases = (
				56725D481BD0073300EB0CA7 /* Sources */,
				56725D491BD0073300EB0CA7 /* Frameworks */,
				56725D4A1BD0073300EB0CA7 /* Resources */,
			);
			buildRules = (
			);
			dependencies = (
			);
			name = "Test Demo App IOS";
			productName = "Test Demo App IOS";
			productReference = 56725D4C1BD0073300EB0CA7 /* Test Demo App IOS.app */;
			productType = "com.apple.product-type.application";
		};
		56725D601BD0073300EB0CA7 /* Test Demo App IOSTests */ = {
			isa = PBXNativeTarget;
			buildConfigurationList = 56725D6E1BD0073300EB0CA7 /* Build configuration list for PBXNativeTarget "Test Demo App IOSTests" */;
			buildPhases = (
				56725D5D1BD0073300EB0CA7 /* Sources */,
				56725D5E1BD0073300EB0CA7 /* Frameworks */,
				56725D5F1BD0073300EB0CA7 /* Resources */,
			);
			buildRules = (
			);
			dependencies = (
				56725D631BD0073300EB0CA7 /* PBXTargetDependency */,
			);
			name = "Test Demo App IOSTests";
			productName = "Test Demo App IOSTests";
			productReference = 56725D611BD0073300EB0CA7 /* Test Demo App IOSTests.xctest */;
			productType = "com.apple.product-type.bundle.unit-test";
		};
/* End PBXNativeTarget section */

/* Begin PBXProject section */
		56725D441BD0073300EB0CA7 /* Project object */ = {
			isa = PBXProject;
			attributes = {
				LastUpgradeCheck = 0630;
				ORGANIZATIONNAME = "Prasad Kalgutkar";
				TargetAttributes = {
					56725D4B1BD0073300EB0CA7 = {
						CreatedOnToolsVersion = 6.3.1;
					};
					56725D601BD0073300EB0CA7 = {
						CreatedOnToolsVersion = 6.3.1;
						TestTargetID = 56725D4B1BD0073300EB0CA7;
					};
				};
			};
			buildConfigurationList = 56725D471BD0073300EB0CA7 /* Build configuration list for PBXProject "Test Demo App IOS" */;
			compatibilityVersion = "Xcode 3.2";
			developmentRegion = English;
			hasScannedForEncodings = 0;
			knownRegions = (
				en,
				Base,
			);
			mainGroup = 56725D431BD0073300EB0CA7;
			productRefGroup = 56725D4D1BD0073300EB0CA7 /* Products */;
			projectDirPath = "";
			projectRoot = "";
			targets = (
				56725D4B1BD0073300EB0CA7 /* Test Demo App IOS */,
				56725D601BD0073300EB0CA7 /* Test Demo App IOSTests */,
			);
		};
/* End PBXProject section */

/* Begin PBXResourcesBuildPhase section */
		56725D4A1BD0073300EB0CA7 /* Resources */ = {
			isa = PBXResourcesBuildPhase;
			buildActionMask = 2147483647;
			files = (
				56725D571BD0073300EB0CA7 /* Main.storyboard in Resources */,
				56725D5C1BD0073300EB0CA7 /* LaunchScreen.xib in Resources */,
				56725D591BD0073300EB0CA7 /* Images.xcassets in Resources */,
			);
			runOnlyForDeploymentPostprocessing = 0;
		};
		56725D5F1BD0073300EB0CA7 /* Resources */ = {
			isa = PBXResourcesBuildPhase;
			buildActionMask = 2147483647;
			files = (
			);
			runOnlyForDeploymentPostprocessing = 0;
		};
/* End PBXResourcesBuildPhase section */

/* Begin PBXSourcesBuildPhase section */
		56725D481BD0073300EB0CA7 /* Sources */ = {
			isa = PBXSourcesBuildPhase;
			buildActionMask = 2147483647;
			files = (
				56725D721BD095C800EB0CA7 /* SecondViewController.swift in Sources */,
				56725D541BD0073300EB0CA7 /* ViewController.swift in Sources */,
				56725D521BD0073300EB0CA7 /* AppDelegate.swift in Sources */,
			);
			runOnlyForDeploymentPostprocessing = 0;
		};
		56725D5D1BD0073300EB0CA7 /* Sources */ = {
			isa = PBXSourcesBuildPhase;
			buildActionMask = 2147483647;
			files = (
				56725D681BD0073300EB0CA7 /* Test_Demo_App_IOSTests.swift in Sources */,
			);
			runOnlyForDeploymentPostprocessing = 0;
		};
/* End PBXSourcesBuildPhase section */

/* Begin PBXTargetDependency section */
		56725D631BD0073300EB0CA7 /* PBXTargetDependency */ = {
			isa = PBXTargetDependency;
			target = 56725D4B1BD0073300EB0CA7 /* Test Demo App IOS */;
			targetProxy = 56725D621BD0073300EB0CA7 /* PBXContainerItemProxy */;
		};
/* End PBXTargetDependency section */

/* Begin PBXVariantGroup section */
		56725D551BD0073300EB0CA7 /* Main.storyboard */ = {
			isa = PBXVariantGroup;
			children = (
				56725D561BD0073300EB0CA7 /* Base */,
			);
			name = Main.storyboard;
			sourceTree = "<group>";
		};
		56725D5A1BD0073300EB0CA7 /* LaunchScreen.xib */ = {
			isa = PBXVariantGroup;
			children = (
				56725D5B1BD0073300EB0CA7 /* Base */,
			);
			name = LaunchScreen.xib;
			sourceTree = "<group>";
		};
/* End PBXVariantGroup section */

/* Begin XCBuildConfiguration section */
		56725D691BD0073300EB0CA7 /* Debug */ = {
			isa = XCBuildConfiguration;
			buildSettings = {
				ALWAYS_SEARCH_USER_PATHS = NO;
				CLANG_CXX_LANGUAGE_STANDARD = "gnu++0x";
				CLANG_CXX_LIBRARY = "libc++";
				CLANG_ENABLE_MODULES = YES;
				CLANG_ENABLE_OBJC_ARC = YES;
				CLANG_WARN_BOOL_CONVERSION = YES;
				CLANG_WARN_CONSTANT_CONVERSION = YES;
				CLANG_WARN_DIRECT_OBJC_ISA_USAGE = YES_ERROR;
				CLANG_WARN_EMPTY_BODY = YES;
				CLANG_WARN_ENUM_CONVERSION = YES;
				CLANG_WARN_INT_CONVERSION = YES;
				CLANG_WARN_OBJC_ROOT_CLASS = YES_ERROR;
				CLANG_WARN_UNREACHABLE_CODE = YES;
				CLANG_WARN__DUPLICATE_METHOD_MATCH = YES;
				"CODE_SIGN_IDENTITY[sdk=iphoneos*]" = "iPhone Developer";
				COPY_PHASE_STRIP = NO;
				DEBUG_INFORMATION_FORMAT = "dwarf-with-dsym";
				ENABLE_STRICT_OBJC_MSGSEND = YES;
				GCC_C_LANGUAGE_STANDARD = gnu99;
				GCC_DYNAMIC_NO_PIC = NO;
				GCC_NO_COMMON_BLOCKS = YES;
				GCC_OPTIMIZATION_LEVEL = 0;
				GCC_PREPROCESSOR_DEFINITIONS = (
					"DEBUG=1",
					"$(inherited)",
				);
				GCC_SYMBOLS_PRIVATE_EXTERN = NO;
				GCC_WARN_64_TO_32_BIT_CONVERSION = YES;
				GCC_WARN_ABOUT_RETURN_TYPE = YES_ERROR;
				GCC_WARN_UNDECLARED_SELECTOR = YES;
				GCC_WARN_UNINITIALIZED_AUTOS = YES_AGGRESSIVE;
				GCC_WARN_UNUSED_FUNCTION = YES;
				GCC_WARN_UNUSED_VARIABLE = YES;
				IPHONEOS_DEPLOYMENT_TARGET = 8.3;
				MTL_ENABLE_DEBUG_INFO = YES;
				ONLY_ACTIVE_ARCH = YES;
				SDKROOT = iphoneos;
				SWIFT_OPTIMIZATION_LEVEL = "-Onone";
			};
			name = Debug;
		};
		56725D6A1BD0073300EB0CA7 /* Release */ = {
			isa = XCBuildConfiguration;
			buildSettings = {
				ALWAYS_SEARCH_USER_PATHS = NO;
				CLANG_CXX_LANGUAGE_STANDARD = "gnu++0x";
				CLANG_CXX_LIBRARY = "libc++";
				CLANG_ENABLE_MODULES = YES;
				CLANG_ENABLE_OBJC_ARC = YES;
				CLANG_WARN_BOOL_CONVERSION = YES;
				CLANG_WARN_CONSTANT_CONVERSION = YES;
				CLANG_WARN_DIRECT_OBJC_ISA_USAGE = YES_ERROR;
				CLANG_WARN_EMPTY_BODY = YES;
				CLANG_WARN_ENUM_CONVERSION = YES;
				CLANG_WARN_INT_CONVERSION = YES;
				CLANG_WARN_OBJC_ROOT_CLASS = YES_ERROR;
				CLANG_WARN_UNREACHABLE_CODE = YES;
				CLANG_WARN__DUPLICATE_METHOD_MATCH = YES;
				"CODE_SIGN_IDENTITY[sdk=iphoneos*]" = "iPhone Developer";
				COPY_PHASE_STRIP = NO;
				DEBUG_INFORMATION_FORMAT = "dwarf-with-dsym";
				ENABLE_NS_ASSERTIONS = NO;
				ENABLE_STRICT_OBJC_MSGSEND = YES;
				GCC_C_LANGUAGE_STANDARD = gnu99;
				GCC_NO_COMMON_BLOCKS = YES;
				GCC_WARN_64_TO_32_BIT_CONVERSION = YES;
				GCC_WARN_ABOUT_RETURN_TYPE = YES_ERROR;
				GCC_WARN_UNDECLARED_SELECTOR = YES;
				GCC_WARN_UNINITIALIZED_AUTOS = YES_AGGRESSIVE;
				GCC_WARN_UNUSED_FUNCTION = YES;
				GCC_WARN_UNUSED_VARIABLE = YES;
				IPHONEOS_DEPLOYMENT_TARGET = 8.3;
				MTL_ENABLE_DEBUG_INFO = NO;
				SDKROOT = iphoneos;
				VALIDATE_PRODUCT = YES;
			};
			name = Release;
		};
		56725D6C1BD0073300EB0CA7 /* Debug */ = {
			isa = XCBuildConfiguration;
			buildSettings = {
				ASSETCATALOG_COMPILER_APPICON_NAME = AppIcon;
				INFOPLIST_FILE = "Test Demo App IOS/Info.plist";
				LD_RUNPATH_SEARCH_PATHS = "$(inherited) @executable_path/Frameworks";
				PRODUCT_NAME = "$(TARGET_NAME)";
			};
			name = Debug;
		};
		56725D6D1BD0073300EB0CA7 /* Release */ = {
			isa = XCBuildConfiguration;
			buildSettings = {
				ASSETCATALOG_COMPILER_APPICON_NAME = AppIcon;
				INFOPLIST_FILE = "Test Demo App IOS/Info.plist";
				LD_RUNPATH_SEARCH_PATHS = "$(inherited) @executable_path/Frameworks";
				PRODUCT_NAME = "$(TARGET_NAME)";
			};
			name = Release;
		};
		56725D6F1BD0073300EB0CA7 /* Debug */ = {
			isa = XCBuildConfiguration;
			buildSettings = {
				BUNDLE_LOADER = "$(TEST_HOST)";
				FRAMEWORK_SEARCH_PATHS = (
					"$(SDKROOT)/Developer/Library/Frameworks",
					"$(inherited)",
				);
				GCC_PREPROCESSOR_DEFINITIONS = (
					"DEBUG=1",
					"$(inherited)",
				);
				INFOPLIST_FILE = "Test Demo App IOSTests/Info.plist";
				LD_RUNPATH_SEARCH_PATHS = "$(inherited) @executable_path/Frameworks @loader_path/Frameworks";
				PRODUCT_NAME = "$(TARGET_NAME)";
				TEST_HOST = "$(BUILT_PRODUCTS_DIR)/Test Demo App IOS.app/Test Demo App IOS";
			};
			name = Debug;
		};
		56725D701BD0073300EB0CA7 /* Release */ = {
			isa = XCBuildConfiguration;
			buildSettings = {
				BUNDLE_LOADER = "$(TEST_HOST)";
				FRAMEWORK_SEARCH_PATHS = (
					"$(SDKROOT)/Developer/Library/Frameworks",
					"$(inherited)",
				);
				INFOPLIST_FILE = "Test Demo App IOSTests/Info.plist";
				LD_RUNPATH_SEARCH_PATHS = "$(inherited) @executable_path/Frameworks @loader_path/Frameworks";
				PRODUCT_NAME = "$(TARGET_NAME)";
				TEST_HOST = "$(BUILT_PRODUCTS_DIR)/Test Demo App IOS.app/Test Demo App IOS";
			};
			name = Release;
		};
/* End XCBuildConfiguration section */

/* Begin XCConfigurationList section */
		56725D471BD0073300EB0CA7 /* Build configuration list for PBXProject "Test Demo App IOS" */ = {
			isa = XCConfigurationList;
			buildConfigurations = (
				56725D691BD0073300EB0CA7 /* Debug */,
				56725D6A1BD0073300EB0CA7 /* Release */,
			);
			defaultConfigurationIsVisible = 0;
			defaultConfigurationName = Release;
		};
		56725D6B1BD0073300EB0CA7 /* Build configuration list for PBXNativeTarget "Test Demo App IOS" */ = {
			isa = XCConfigurationList;
			buildConfigurations = (
				56725D6C1BD0073300EB0CA7 /* Debug */,
				56725D6D1BD0073300EB0CA7 /* Release */,
			);
			defaultConfigurationIsVisible = 0;
		};
		56725D6E1BD0073300EB0CA7 /* Build configuration list for PBXNativeTarget "Test Demo App IOSTests" */ = {
			isa = XCConfigurationList;
			buildConfigurations = (
				56725D6F1BD0073300EB0CA7 /* Debug */,
				56725D701BD0073300EB0CA7 /* Release */,
			);
			defaultConfigurationIsVisible = 0;
		};
/* End XCConfigurationList section */
	};
	rootObject = 56725D441BD0073300EB0CA7 /* Project object */;
}
